
Microsoft Visual Studio Solution File, Format Version 12.00
# Visual Studio Version 16
VisualStudioVersion = 16.0.28803.156
MinimumVisualStudioVersion = 10.0.40219.1
Project("{2150E333-8FDC-42A3-9474-1A3956D46DE8}") = "Samples", "Samples", "{584AF45A-3FFB-4B9F-8A12-99E9626AA9EF}"
EndProject
Project("{9A19103F-16F7-4668-BE54-9A1E7A4F7556}") = "Jimu", "Jimu\Jimu.csproj", "{7F51F749-6FC5-45F0-930D-BBA7551A40AA}"
EndProject
Project("{2150E333-8FDC-42A3-9474-1A3956D46DE8}") = "Modules", "Modules", "{238A367F-90BC-4E5A-B11B-4D04519621B7}"
EndProject
Project("{9A19103F-16F7-4668-BE54-9A1E7A4F7556}") = "Jimu.Client", "Jimu.Client\Jimu.Client.csproj", "{B5D6950B-5CC3-4316-928B-0E29C3B2A695}"
EndProject
Project("{9A19103F-16F7-4668-BE54-9A1E7A4F7556}") = "Jimu.Server", "Jimu.Server\Jimu.Server.csproj", "{79AF52C5-C8D5-499D-98FC-AC8346DEA139}"
EndProject
Project("{9A19103F-16F7-4668-BE54-9A1E7A4F7556}") = "Jimu.Client.ApiGateway.Swagger", "Jimu.Modules\Jimu.Client.ApiGateway.Swagger\Jimu.Client.ApiGateway.Swagger.csproj", "{202FD5E7-651F-4DD1-805D-F9C5EA167CE6}"
EndProject
Project("{2150E333-8FDC-42A3-9474-1A3956D46DE8}") = "test", "test", "{AF5033F5-BA7F-49D5-98A8-A3786891C322}"
EndProject
Project("{9A19103F-16F7-4668-BE54-9A1E7A4F7556}") = "Jimu.Test", "test\Jimu.Test\Jimu.Test.csproj", "{43DEE7EE-7B94-4861-9287-D4D351D07CE0}"
EndProject
Project("{9A19103F-16F7-4668-BE54-9A1E7A4F7556}") = "Jimu.Client.Discovery.Consul", "Jimu.Modules\Jimu.Client.Discovery.Consul\Jimu.Client.Discovery.Consul.csproj", "{F57EF7C8-AB32-47E3-9D66-142337CE955A}"
EndProject
Project("{9A19103F-16F7-4668-BE54-9A1E7A4F7556}") = "Jimu.Server.Discovery.Consul", "Jimu.Modules\Jimu.Server.Discovery.Consul\Jimu.Server.Discovery.Consul.csproj", "{00368FA9-E5D9-4DC3-A812-91AAD393EBBB}"
EndProject
Project("{9A19103F-16F7-4668-BE54-9A1E7A4F7556}") = "Jimu.Server.Repository.MiniDDD.EF", "Jimu.Modules\Jimu.Server.Repository.MiniDDD.EF\Jimu.Server.Repository.MiniDDD.EF.csproj", "{E4183569-C106-4C6A-990F-EB3689EAE776}"
EndProject
Project("{9A19103F-16F7-4668-BE54-9A1E7A4F7556}") = "Jimu.Server.Repository.MiniDDD.SqlSugar", "Jimu.Modules\Jimu.Server.Repository.MiniDDD.SqlSugar\Jimu.Server.Repository.MiniDDD.SqlSugar.csproj", "{7BF7DBDE-C18A-47EF-AC7E-28756BEFE108}"
EndProject
Project("{9A19103F-16F7-4668-BE54-9A1E7A4F7556}") = "Jimu.Server.Repository.MiniDDD.Dapper", "Jimu.Modules\Jimu.Server.Repository.MiniDDD.Dapper\Jimu.Server.Repository.MiniDDD.Dapper.csproj", "{F01410C8-BDA7-435F-8FE8-17C3D949723C}"
EndProject
Project("{9A19103F-16F7-4668-BE54-9A1E7A4F7556}") = "Jimu.Server.ORM.Dapper", "Jimu.Modules\Jimu.Server.ORM.Dapper\Jimu.Server.ORM.Dapper.csproj", "{B023E57F-2BD2-49A5-A3F5-72610B2CED34}"
EndProject
Project("{2150E333-8FDC-42A3-9474-1A3956D46DE8}") = "User", "User", "{0CF3A967-A0A7-4C5F-B71C-54C8967E0E1C}"
EndProject
Project("{2150E333-8FDC-42A3-9474-1A3956D46DE8}") = "Auth", "Auth", "{FC71E1F8-C9DF-4C5D-9F38-0B6CDF24CA0C}"
EndProject
Project("{9A19103F-16F7-4668-BE54-9A1E7A4F7556}") = "Server.User", "Samples\User\Server.User\Server.User.csproj", "{271E0E08-1FAD-4F7B-8071-3376AB733552}"
EndProject
Project("{9A19103F-16F7-4668-BE54-9A1E7A4F7556}") = "IService.User", "Samples\User\IService.User\IService.User.csproj", "{1D49CE22-A937-489B-A43F-2DBD0EF44D6C}"
EndProject
Project("{9A19103F-16F7-4668-BE54-9A1E7A4F7556}") = "Service.User", "Samples\User\Service.User\Service.User.csproj", "{3A28EE4E-AFCF-45D6-8E2E-E95FD8812A55}"
EndProject
Project("{9A19103F-16F7-4668-BE54-9A1E7A4F7556}") = "ApiGateway", "Samples\ApiGateway\ApiGateway.csproj", "{7D6571C6-7B78-4971-9B6B-8C41F9BF91D9}"
EndProject
Project("{9A19103F-16F7-4668-BE54-9A1E7A4F7556}") = "Service.Auth", "Samples\Auth\Service.Auth\Service.Auth.csproj", "{3694B020-4FF5-4B4E-9D43-8C94AB21B1F7}"
EndProject
Project("{9A19103F-16F7-4668-BE54-9A1E7A4F7556}") = "Server.Auth", "Samples\Auth\Server.Auth\Server.Auth.csproj", "{2EBA0E05-C852-4A30-8314-D2199B53328D}"
EndProject
Project("{9A19103F-16F7-4668-BE54-9A1E7A4F7556}") = "IService.Auth", "Samples\Auth\IService.Auth\IService.Auth.csproj", "{D5D8DEEB-CF4A-4047-BC3D-A90AEA927AC0}"
EndProject
Project("{9A19103F-16F7-4668-BE54-9A1E7A4F7556}") = "Jimu.Core", "Jimu.Core\Jimu.Core.csproj", "{5B630F86-362F-4F47-A553-83B7A34AAE44}"
EndProject
Project("{9A19103F-16F7-4668-BE54-9A1E7A4F7556}") = "Jimu.Client.Diagnostic.Skywalking", "Jimu.Modules\Jimu.Client.Diagnostic.Skywalking\Jimu.Client.Diagnostic.Skywalking.csproj", "{DC628A17-0364-488F-A32F-BC68654A09F8}"
EndProject
Project("{9A19103F-16F7-4668-BE54-9A1E7A4F7556}") = "Jimu.Server.Diagnostic.Skywalking", "Jimu.Modules\Jimu.Server.Diagnostic.Skywalking\Jimu.Server.Diagnostic.Skywalking.csproj", "{EF955C3F-5104-4CE8-BF7F-E9BF80EA0EB8}"
EndProject
Project("{2150E333-8FDC-42A3-9474-1A3956D46DE8}") = "Order", "Order", "{D35012AF-C669-4527-BE0F-6B6667825BB5}"
EndProject
Project("{9A19103F-16F7-4668-BE54-9A1E7A4F7556}") = "IService.Order", "Samples\Order\IService.Order\IService.Order.csproj", "{70F389F7-7CE9-48ED-9033-9B5CE92B8081}"
EndProject
Project("{9A19103F-16F7-4668-BE54-9A1E7A4F7556}") = "Service.Order", "Samples\Order\Service.Order\Service.Order.csproj", "{661D3012-2E30-4316-A66E-4BF192552556}"
EndProject
Project("{9A19103F-16F7-4668-BE54-9A1E7A4F7556}") = "Server.Order", "Samples\Order\Server.Order\Server.Order.csproj", "{348A4C2C-E16D-4C6E-BA1E-C077B4C7C6DF}"
EndProject
Project("{9A19103F-16F7-4668-BE54-9A1E7A4F7556}") = "Jimu.All", "Jimu.All\Jimu.All.csproj", "{16E0A604-D613-40EF-AAFC-92EE17213B86}"
EndProject
Global
	GlobalSection(SolutionConfigurationPlatforms) = preSolution
		Debug|Any CPU = Debug|Any CPU
		Release|Any CPU = Release|Any CPU
	EndGlobalSection
	GlobalSection(ProjectConfigurationPlatforms) = postSolution
		{7F51F749-6FC5-45F0-930D-BBA7551A40AA}.Debug|Any CPU.ActiveCfg = Debug|Any CPU
		{7F51F749-6FC5-45F0-930D-BBA7551A40AA}.Debug|Any CPU.Build.0 = Debug|Any CPU
		{7F51F749-6FC5-45F0-930D-BBA7551A40AA}.Release|Any CPU.ActiveCfg = Release|Any CPU
		{7F51F749-6FC5-45F0-930D-BBA7551A40AA}.Release|Any CPU.Build.0 = Release|Any CPU
		{B5D6950B-5CC3-4316-928B-0E29C3B2A695}.Debug|Any CPU.ActiveCfg = Debug|Any CPU
		{B5D6950B-5CC3-4316-928B-0E29C3B2A695}.Debug|Any CPU.Build.0 = Debug|Any CPU
		{B5D6950B-5CC3-4316-928B-0E29C3B2A695}.Release|Any CPU.ActiveCfg = Release|Any CPU
		{B5D6950B-5CC3-4316-928B-0E29C3B2A695}.Release|Any CPU.Build.0 = Release|Any CPU
		{79AF52C5-C8D5-499D-98FC-AC8346DEA139}.Debug|Any CPU.ActiveCfg = Debug|Any CPU
		{79AF52C5-C8D5-499D-98FC-AC8346DEA139}.Debug|Any CPU.Build.0 = Debug|Any CPU
		{79AF52C5-C8D5-499D-98FC-AC8346DEA139}.Release|Any CPU.ActiveCfg = Release|Any CPU
		{79AF52C5-C8D5-499D-98FC-AC8346DEA139}.Release|Any CPU.Build.0 = Release|Any CPU
		{202FD5E7-651F-4DD1-805D-F9C5EA167CE6}.Debug|Any CPU.ActiveCfg = Debug|Any CPU
		{202FD5E7-651F-4DD1-805D-F9C5EA167CE6}.Debug|Any CPU.Build.0 = Debug|Any CPU
		{202FD5E7-651F-4DD1-805D-F9C5EA167CE6}.Release|Any CPU.ActiveCfg = Release|Any CPU
		{202FD5E7-651F-4DD1-805D-F9C5EA167CE6}.Release|Any CPU.Build.0 = Release|Any CPU
		{43DEE7EE-7B94-4861-9287-D4D351D07CE0}.Debug|Any CPU.ActiveCfg = Debug|Any CPU
		{43DEE7EE-7B94-4861-9287-D4D351D07CE0}.Debug|Any CPU.Build.0 = Debug|Any CPU
		{43DEE7EE-7B94-4861-9287-D4D351D07CE0}.Release|Any CPU.ActiveCfg = Release|Any CPU
		{43DEE7EE-7B94-4861-9287-D4D351D07CE0}.Release|Any CPU.Build.0 = Release|Any CPU
		{F57EF7C8-AB32-47E3-9D66-142337CE955A}.Debug|Any CPU.ActiveCfg = Debug|Any CPU
		{F57EF7C8-AB32-47E3-9D66-142337CE955A}.Debug|Any CPU.Build.0 = Debug|Any CPU
		{F57EF7C8-AB32-47E3-9D66-142337CE955A}.Release|Any CPU.ActiveCfg = Release|Any CPU
		{F57EF7C8-AB32-47E3-9D66-142337CE955A}.Release|Any CPU.Build.0 = Release|Any CPU
		{00368FA9-E5D9-4DC3-A812-91AAD393EBBB}.Debug|Any CPU.ActiveCfg = Debug|Any CPU
		{00368FA9-E5D9-4DC3-A812-91AAD393EBBB}.Debug|Any CPU.Build.0 = Debug|Any CPU
		{00368FA9-E5D9-4DC3-A812-91AAD393EBBB}.Release|Any CPU.ActiveCfg = Release|Any CPU
		{00368FA9-E5D9-4DC3-A812-91AAD393EBBB}.Release|Any CPU.Build.0 = Release|Any CPU
		{E4183569-C106-4C6A-990F-EB3689EAE776}.Debug|Any CPU.ActiveCfg = Debug|Any CPU
		{E4183569-C106-4C6A-990F-EB3689EAE776}.Debug|Any CPU.Build.0 = Debug|Any CPU
		{E4183569-C106-4C6A-990F-EB3689EAE776}.Release|Any CPU.ActiveCfg = Release|Any CPU
		{E4183569-C106-4C6A-990F-EB3689EAE776}.Release|Any CPU.Build.0 = Release|Any CPU
		{7BF7DBDE-C18A-47EF-AC7E-28756BEFE108}.Debug|Any CPU.ActiveCfg = Debug|Any CPU
		{7BF7DBDE-C18A-47EF-AC7E-28756BEFE108}.Debug|Any CPU.Build.0 = Debug|Any CPU
		{7BF7DBDE-C18A-47EF-AC7E-28756BEFE108}.Release|Any CPU.ActiveCfg = Release|Any CPU
		{7BF7DBDE-C18A-47EF-AC7E-28756BEFE108}.Release|Any CPU.Build.0 = Release|Any CPU
		{F01410C8-BDA7-435F-8FE8-17C3D949723C}.Debug|Any CPU.ActiveCfg = Debug|Any CPU
		{F01410C8-BDA7-435F-8FE8-17C3D949723C}.Debug|Any CPU.Build.0 = Debug|Any CPU
		{F01410C8-BDA7-435F-8FE8-17C3D949723C}.Release|Any CPU.ActiveCfg = Release|Any CPU
		{F01410C8-BDA7-435F-8FE8-17C3D949723C}.Release|Any CPU.Build.0 = Release|Any CPU
		{B023E57F-2BD2-49A5-A3F5-72610B2CED34}.Debug|Any CPU.ActiveCfg = Debug|Any CPU
		{B023E57F-2BD2-49A5-A3F5-72610B2CED34}.Debug|Any CPU.Build.0 = Debug|Any CPU
		{B023E57F-2BD2-49A5-A3F5-72610B2CED34}.Release|Any CPU.ActiveCfg = Release|Any CPU
		{B023E57F-2BD2-49A5-A3F5-72610B2CED34}.Release|Any CPU.Build.0 = Release|Any CPU
		{271E0E08-1FAD-4F7B-8071-3376AB733552}.Debug|Any CPU.ActiveCfg = Debug|Any CPU
		{271E0E08-1FAD-4F7B-8071-3376AB733552}.Debug|Any CPU.Build.0 = Debug|Any CPU
		{271E0E08-1FAD-4F7B-8071-3376AB733552}.Release|Any CPU.ActiveCfg = Release|Any CPU
		{271E0E08-1FAD-4F7B-8071-3376AB733552}.Release|Any CPU.Build.0 = Release|Any CPU
		{1D49CE22-A937-489B-A43F-2DBD0EF44D6C}.Debug|Any CPU.ActiveCfg = Debug|Any CPU
		{1D49CE22-A937-489B-A43F-2DBD0EF44D6C}.Debug|Any CPU.Build.0 = Debug|Any CPU
		{1D49CE22-A937-489B-A43F-2DBD0EF44D6C}.Release|Any CPU.ActiveCfg = Release|Any CPU
		{1D49CE22-A937-489B-A43F-2DBD0EF44D6C}.Release|Any CPU.Build.0 = Release|Any CPU
		{3A28EE4E-AFCF-45D6-8E2E-E95FD8812A55}.Debug|Any CPU.ActiveCfg = Debug|Any CPU
		{3A28EE4E-AFCF-45D6-8E2E-E95FD8812A55}.Debug|Any CPU.Build.0 = Debug|Any CPU
		{3A28EE4E-AFCF-45D6-8E2E-E95FD8812A55}.Release|Any CPU.ActiveCfg = Release|Any CPU
		{3A28EE4E-AFCF-45D6-8E2E-E95FD8812A55}.Release|Any CPU.Build.0 = Release|Any CPU
		{7D6571C6-7B78-4971-9B6B-8C41F9BF91D9}.Debug|Any CPU.ActiveCfg = Debug|Any CPU
		{7D6571C6-7B78-4971-9B6B-8C41F9BF91D9}.Debug|Any CPU.Build.0 = Debug|Any CPU
		{7D6571C6-7B78-4971-9B6B-8C41F9BF91D9}.Release|Any CPU.ActiveCfg = Release|Any CPU
		{7D6571C6-7B78-4971-9B6B-8C41F9BF91D9}.Release|Any CPU.Build.0 = Release|Any CPU
		{3694B020-4FF5-4B4E-9D43-8C94AB21B1F7}.Debug|Any CPU.ActiveCfg = Debug|Any CPU
		{3694B020-4FF5-4B4E-9D43-8C94AB21B1F7}.Debug|Any CPU.Build.0 = Debug|Any CPU
		{3694B020-4FF5-4B4E-9D43-8C94AB21B1F7}.Release|Any CPU.ActiveCfg = Release|Any CPU
		{3694B020-4FF5-4B4E-9D43-8C94AB21B1F7}.Release|Any CPU.Build.0 = Release|Any CPU
		{2EBA0E05-C852-4A30-8314-D2199B53328D}.Debug|Any CPU.ActiveCfg = Debug|Any CPU
		{2EBA0E05-C852-4A30-8314-D2199B53328D}.Debug|Any CPU.Build.0 = Debug|Any CPU
		{2EBA0E05-C852-4A30-8314-D2199B53328D}.Release|Any CPU.ActiveCfg = Release|Any CPU
		{2EBA0E05-C852-4A30-8314-D2199B53328D}.Release|Any CPU.Build.0 = Release|Any CPU
		{D5D8DEEB-CF4A-4047-BC3D-A90AEA927AC0}.Debug|Any CPU.ActiveCfg = Debug|Any CPU
		{D5D8DEEB-CF4A-4047-BC3D-A90AEA927AC0}.Debug|Any CPU.Build.0 = Debug|Any CPU
		{D5D8DEEB-CF4A-4047-BC3D-A90AEA927AC0}.Release|Any CPU.ActiveCfg = Release|Any CPU
		{D5D8DEEB-CF4A-4047-BC3D-A90AEA927AC0}.Release|Any CPU.Build.0 = Release|Any CPU
		{5B630F86-362F-4F47-A553-83B7A34AAE44}.Debug|Any CPU.ActiveCfg = Debug|Any CPU
		{5B630F86-362F-4F47-A553-83B7A34AAE44}.Debug|Any CPU.Build.0 = Debug|Any CPU
		{5B630F86-362F-4F47-A553-83B7A34AAE44}.Release|Any CPU.ActiveCfg = Release|Any CPU
		{5B630F86-362F-4F47-A553-83B7A34AAE44}.Release|Any CPU.Build.0 = Release|Any CPU
		{DC628A17-0364-488F-A32F-BC68654A09F8}.Debug|Any CPU.ActiveCfg = Debug|Any CPU
		{DC628A17-0364-488F-A32F-BC68654A09F8}.Debug|Any CPU.Build.0 = Debug|Any CPU
		{DC628A17-0364-488F-A32F-BC68654A09F8}.Release|Any CPU.ActiveCfg = Release|Any CPU
		{DC628A17-0364-488F-A32F-BC68654A09F8}.Release|Any CPU.Build.0 = Release|Any CPU
		{EF955C3F-5104-4CE8-BF7F-E9BF80EA0EB8}.Debug|Any CPU.ActiveCfg = Debug|Any CPU
		{EF955C3F-5104-4CE8-BF7F-E9BF80EA0EB8}.Debug|Any CPU.Build.0 = Debug|Any CPU
		{EF955C3F-5104-4CE8-BF7F-E9BF80EA0EB8}.Release|Any CPU.ActiveCfg = Release|Any CPU
		{EF955C3F-5104-4CE8-BF7F-E9BF80EA0EB8}.Release|Any CPU.Build.0 = Release|Any CPU
		{70F389F7-7CE9-48ED-9033-9B5CE92B8081}.Debug|Any CPU.ActiveCfg = Debug|Any CPU
		{70F389F7-7CE9-48ED-9033-9B5CE92B8081}.Debug|Any CPU.Build.0 = Debug|Any CPU
		{70F389F7-7CE9-48ED-9033-9B5CE92B8081}.Release|Any CPU.ActiveCfg = Release|Any CPU
		{70F389F7-7CE9-48ED-9033-9B5CE92B8081}.Release|Any CPU.Build.0 = Release|Any CPU
		{661D3012-2E30-4316-A66E-4BF192552556}.Debug|Any CPU.ActiveCfg = Debug|Any CPU
		{661D3012-2E30-4316-A66E-4BF192552556}.Debug|Any CPU.Build.0 = Debug|Any CPU
		{661D3012-2E30-4316-A66E-4BF192552556}.Release|Any CPU.ActiveCfg = Release|Any CPU
		{661D3012-2E30-4316-A66E-4BF192552556}.Release|Any CPU.Build.0 = Release|Any CPU
		{348A4C2C-E16D-4C6E-BA1E-C077B4C7C6DF}.Debug|Any CPU.ActiveCfg = Debug|Any CPU
		{348A4C2C-E16D-4C6E-BA1E-C077B4C7C6DF}.Debug|Any CPU.Build.0 = Debug|Any CPU
		{348A4C2C-E16D-4C6E-BA1E-C077B4C7C6DF}.Release|Any CPU.ActiveCfg = Release|Any CPU
		{348A4C2C-E16D-4C6E-BA1E-C077B4C7C6DF}.Release|Any CPU.Build.0 = Release|Any CPU
		{16E0A604-D613-40EF-AAFC-92EE17213B86}.Debug|Any CPU.ActiveCfg = Debug|Any CPU
		{16E0A604-D613-40EF-AAFC-92EE17213B86}.Debug|Any CPU.Build.0 = Debug|Any CPU
		{16E0A604-D613-40EF-AAFC-92EE17213B86}.Release|Any CPU.ActiveCfg = Release|Any CPU
		{16E0A604-D613-40EF-AAFC-92EE17213B86}.Release|Any CPU.Build.0 = Release|Any CPU
	EndGlobalSection
	GlobalSection(SolutionProperties) = preSolution
		HideSolutionNode = FALSE
	EndGlobalSection
	GlobalSection(NestedProjects) = preSolution
		{202FD5E7-651F-4DD1-805D-F9C5EA167CE6} = {238A367F-90BC-4E5A-B11B-4D04519621B7}
		{43DEE7EE-7B94-4861-9287-D4D351D07CE0} = {AF5033F5-BA7F-49D5-98A8-A3786891C322}
		{F57EF7C8-AB32-47E3-9D66-142337CE955A} = {238A367F-90BC-4E5A-B11B-4D04519621B7}
		{00368FA9-E5D9-4DC3-A812-91AAD393EBBB} = {238A367F-90BC-4E5A-B11B-4D04519621B7}
		{E4183569-C106-4C6A-990F-EB3689EAE776} = {238A367F-90BC-4E5A-B11B-4D04519621B7}
		{7BF7DBDE-C18A-47EF-AC7E-28756BEFE108} = {238A367F-90BC-4E5A-B11B-4D04519621B7}
		{F01410C8-BDA7-435F-8FE8-17C3D949723C} = {238A367F-90BC-4E5A-B11B-4D04519621B7}
		{B023E57F-2BD2-49A5-A3F5-72610B2CED34} = {238A367F-90BC-4E5A-B11B-4D04519621B7}
		{0CF3A967-A0A7-4C5F-B71C-54C8967E0E1C} = {584AF45A-3FFB-4B9F-8A12-99E9626AA9EF}
		{FC71E1F8-C9DF-4C5D-9F38-0B6CDF24CA0C} = {584AF45A-3FFB-4B9F-8A12-99E9626AA9EF}
		{271E0E08-1FAD-4F7B-8071-3376AB733552} = {0CF3A967-A0A7-4C5F-B71C-54C8967E0E1C}
		{1D49CE22-A937-489B-A43F-2DBD0EF44D6C} = {0CF3A967-A0A7-4C5F-B71C-54C8967E0E1C}
		{3A28EE4E-AFCF-45D6-8E2E-E95FD8812A55} = {0CF3A967-A0A7-4C5F-B71C-54C8967E0E1C}
		{7D6571C6-7B78-4971-9B6B-8C41F9BF91D9} = {584AF45A-3FFB-4B9F-8A12-99E9626AA9EF}
		{3694B020-4FF5-4B4E-9D43-8C94AB21B1F7} = {FC71E1F8-C9DF-4C5D-9F38-0B6CDF24CA0C}
		{2EBA0E05-C852-4A30-8314-D2199B53328D} = {FC71E1F8-C9DF-4C5D-9F38-0B6CDF24CA0C}
		{D5D8DEEB-CF4A-4047-BC3D-A90AEA927AC0} = {FC71E1F8-C9DF-4C5D-9F38-0B6CDF24CA0C}
		{DC628A17-0364-488F-A32F-BC68654A09F8} = {238A367F-90BC-4E5A-B11B-4D04519621B7}
		{EF955C3F-5104-4CE8-BF7F-E9BF80EA0EB8} = {238A367F-90BC-4E5A-B11B-4D04519621B7}
		{D35012AF-C669-4527-BE0F-6B6667825BB5} = {584AF45A-3FFB-4B9F-8A12-99E9626AA9EF}
		{70F389F7-7CE9-48ED-9033-9B5CE92B8081} = {D35012AF-C669-4527-BE0F-6B6667825BB5}
		{661D3012-2E30-4316-A66E-4BF192552556} = {D35012AF-C669-4527-BE0F-6B6667825BB5}
		{348A4C2C-E16D-4C6E-BA1E-C077B4C7C6DF} = {D35012AF-C669-4527-BE0F-6B6667825BB5}
	EndGlobalSection
	GlobalSection(ExtensibilityGlobals) = postSolution
		SolutionGuid = {B2F7F17C-34DB-4FBF-8BCD-49BC2FA3A10F}
	EndGlobalSection
EndGlobal
