
Microsoft Visual Studio Solution File, Format Version 12.00
# Visual Studio 15
VisualStudioVersion = 15.0.27004.2002
MinimumVisualStudioVersion = 10.0.40219.1
Project("{2150E333-8FDC-42A3-9474-1A3956D46DE8}") = "Samples", "Samples", "{584AF45A-3FFB-4B9F-8A12-99E9626AA9EF}"
EndProject
Project("{9A19103F-16F7-4668-BE54-9A1E7A4F7556}") = "Jimu", "Jimu\Jimu.csproj", "{7F51F749-6FC5-45F0-930D-BBA7551A40AA}"
EndProject
Project("{2150E333-8FDC-42A3-9474-1A3956D46DE8}") = "Service", "Service", "{AB948E05-78EB-4878-B3AC-05D5A9185F24}"
EndProject
Project("{2150E333-8FDC-42A3-9474-1A3956D46DE8}") = "Modules", "Modules", "{238A367F-90BC-4E5A-B11B-4D04519621B7}"
EndProject
Project("{9A19103F-16F7-4668-BE54-9A1E7A4F7556}") = "Jimu.Client", "Jimu.Client\Jimu.Client.csproj", "{B5D6950B-5CC3-4316-928B-0E29C3B2A695}"
EndProject
Project("{9A19103F-16F7-4668-BE54-9A1E7A4F7556}") = "Jimu.Server", "Jimu.Server\Jimu.Server.csproj", "{79AF52C5-C8D5-499D-98FC-AC8346DEA139}"
EndProject
Project("{9A19103F-16F7-4668-BE54-9A1E7A4F7556}") = "Jimu.Server.EventBus.MasstransitIntegration", "Jimu.Modules\Jimu.Server.EventBus.MasstransitIntegration\Jimu.Server.EventBus.MasstransitIntegration.csproj", "{7D762322-59F9-4D0E-8F4E-744C3F2B0520}"
EndProject
Project("{2150E333-8FDC-42A3-9474-1A3956D46DE8}") = "CSMode", "CSMode", "{CB822244-8727-4E6A-9A40-F73CA00C7A1F}"
EndProject
Project("{2150E333-8FDC-42A3-9474-1A3956D46DE8}") = "Complex", "Complex", "{B64879C4-B8A5-4834-BE7B-4B74FEC183E5}"
EndProject
Project("{9A19103F-16F7-4668-BE54-9A1E7A4F7556}") = "IServices", "Samples\Service\IServices\IServices.csproj", "{1B76E10B-2BE9-4C2E-AC58-3993009AC808}"
EndProject
Project("{9A19103F-16F7-4668-BE54-9A1E7A4F7556}") = "Services", "Samples\Service\Services\Services.csproj", "{E44E56F1-9B87-4E48-8ED1-8DAE15027C19}"
EndProject
Project("{9A19103F-16F7-4668-BE54-9A1E7A4F7556}") = "ApiGateway", "Samples\Complex\ApiGateway\ApiGateway.csproj", "{DA1B1E00-A530-4E1F-8D59-A9AF30C0E347}"
EndProject
Project("{9A19103F-16F7-4668-BE54-9A1E7A4F7556}") = "Server1.DotnettyForTransfer", "Samples\Complex\Server1.DotnettyForTransfer\Server1.DotnettyForTransfer.csproj", "{7052B1C8-952D-4812-A454-8DA3410763B0}"
EndProject
Project("{9A19103F-16F7-4668-BE54-9A1E7A4F7556}") = "Server2.HttpForTransfer", "Samples\Complex\Server2.HttpForTransfer\Server2.HttpForTransfer.csproj", "{A5068814-CE1C-4E7A-9A6B-66E1090E07F8}"
EndProject
Project("{9A19103F-16F7-4668-BE54-9A1E7A4F7556}") = "Client", "Samples\CSMode\Client\Client.csproj", "{CEFD0EC1-C2C1-4D05-B6BC-ABB26AE17562}"
EndProject
Project("{9A19103F-16F7-4668-BE54-9A1E7A4F7556}") = "Server", "Samples\CSMode\Server\Server.csproj", "{59623556-FC1B-485C-A105-C3D5EEE5AF9B}"
EndProject
Project("{9A19103F-16F7-4668-BE54-9A1E7A4F7556}") = "Jimu.Client.ApiGateway.SwaggerIntegration", "Jimu.Modules\Jimu.Client.ApiGateway.SwaggerIntegration\Jimu.Client.ApiGateway.SwaggerIntegration.csproj", "{202FD5E7-651F-4DD1-805D-F9C5EA167CE6}"
EndProject
Project("{2150E333-8FDC-42A3-9474-1A3956D46DE8}") = "test", "test", "{AF5033F5-BA7F-49D5-98A8-A3786891C322}"
EndProject
Project("{9A19103F-16F7-4668-BE54-9A1E7A4F7556}") = "Jimu.Test", "test\Jimu.Test\Jimu.Test.csproj", "{43DEE7EE-7B94-4861-9287-D4D351D07CE0}"
EndProject
Project("{9A19103F-16F7-4668-BE54-9A1E7A4F7556}") = "Jimu.Client.Discovery.ConsulIntegration", "Jimu.Modules\Jimu.Client.Discovery.ConsulIntegration\Jimu.Client.Discovery.ConsulIntegration.csproj", "{F57EF7C8-AB32-47E3-9D66-142337CE955A}"
EndProject
Project("{9A19103F-16F7-4668-BE54-9A1E7A4F7556}") = "Jimu.Server.Discovery.ConsulIntegration", "Jimu.Modules\Jimu.Server.Discovery.ConsulIntegration\Jimu.Server.Discovery.ConsulIntegration.csproj", "{00368FA9-E5D9-4DC3-A812-91AAD393EBBB}"
EndProject
Global
	GlobalSection(SolutionConfigurationPlatforms) = preSolution
		Debug|Any CPU = Debug|Any CPU
		Release|Any CPU = Release|Any CPU
	EndGlobalSection
	GlobalSection(ProjectConfigurationPlatforms) = postSolution
		{7F51F749-6FC5-45F0-930D-BBA7551A40AA}.Debug|Any CPU.ActiveCfg = Debug|Any CPU
		{7F51F749-6FC5-45F0-930D-BBA7551A40AA}.Debug|Any CPU.Build.0 = Debug|Any CPU
		{7F51F749-6FC5-45F0-930D-BBA7551A40AA}.Release|Any CPU.ActiveCfg = Release|Any CPU
		{7F51F749-6FC5-45F0-930D-BBA7551A40AA}.Release|Any CPU.Build.0 = Release|Any CPU
		{B5D6950B-5CC3-4316-928B-0E29C3B2A695}.Debug|Any CPU.ActiveCfg = Debug|Any CPU
		{B5D6950B-5CC3-4316-928B-0E29C3B2A695}.Debug|Any CPU.Build.0 = Debug|Any CPU
		{B5D6950B-5CC3-4316-928B-0E29C3B2A695}.Release|Any CPU.ActiveCfg = Release|Any CPU
		{B5D6950B-5CC3-4316-928B-0E29C3B2A695}.Release|Any CPU.Build.0 = Release|Any CPU
		{79AF52C5-C8D5-499D-98FC-AC8346DEA139}.Debug|Any CPU.ActiveCfg = Debug|Any CPU
		{79AF52C5-C8D5-499D-98FC-AC8346DEA139}.Debug|Any CPU.Build.0 = Debug|Any CPU
		{79AF52C5-C8D5-499D-98FC-AC8346DEA139}.Release|Any CPU.ActiveCfg = Release|Any CPU
		{79AF52C5-C8D5-499D-98FC-AC8346DEA139}.Release|Any CPU.Build.0 = Release|Any CPU
		{7D762322-59F9-4D0E-8F4E-744C3F2B0520}.Debug|Any CPU.ActiveCfg = Debug|Any CPU
		{7D762322-59F9-4D0E-8F4E-744C3F2B0520}.Debug|Any CPU.Build.0 = Debug|Any CPU
		{7D762322-59F9-4D0E-8F4E-744C3F2B0520}.Release|Any CPU.ActiveCfg = Release|Any CPU
		{7D762322-59F9-4D0E-8F4E-744C3F2B0520}.Release|Any CPU.Build.0 = Release|Any CPU
		{1B76E10B-2BE9-4C2E-AC58-3993009AC808}.Debug|Any CPU.ActiveCfg = Debug|Any CPU
		{1B76E10B-2BE9-4C2E-AC58-3993009AC808}.Debug|Any CPU.Build.0 = Debug|Any CPU
		{1B76E10B-2BE9-4C2E-AC58-3993009AC808}.Release|Any CPU.ActiveCfg = Release|Any CPU
		{1B76E10B-2BE9-4C2E-AC58-3993009AC808}.Release|Any CPU.Build.0 = Release|Any CPU
		{E44E56F1-9B87-4E48-8ED1-8DAE15027C19}.Debug|Any CPU.ActiveCfg = Debug|Any CPU
		{E44E56F1-9B87-4E48-8ED1-8DAE15027C19}.Debug|Any CPU.Build.0 = Debug|Any CPU
		{E44E56F1-9B87-4E48-8ED1-8DAE15027C19}.Release|Any CPU.ActiveCfg = Release|Any CPU
		{E44E56F1-9B87-4E48-8ED1-8DAE15027C19}.Release|Any CPU.Build.0 = Release|Any CPU
		{DA1B1E00-A530-4E1F-8D59-A9AF30C0E347}.Debug|Any CPU.ActiveCfg = Debug|Any CPU
		{DA1B1E00-A530-4E1F-8D59-A9AF30C0E347}.Debug|Any CPU.Build.0 = Debug|Any CPU
		{DA1B1E00-A530-4E1F-8D59-A9AF30C0E347}.Release|Any CPU.ActiveCfg = Release|Any CPU
		{DA1B1E00-A530-4E1F-8D59-A9AF30C0E347}.Release|Any CPU.Build.0 = Release|Any CPU
		{7052B1C8-952D-4812-A454-8DA3410763B0}.Debug|Any CPU.ActiveCfg = Debug|Any CPU
		{7052B1C8-952D-4812-A454-8DA3410763B0}.Debug|Any CPU.Build.0 = Debug|Any CPU
		{7052B1C8-952D-4812-A454-8DA3410763B0}.Release|Any CPU.ActiveCfg = Release|Any CPU
		{7052B1C8-952D-4812-A454-8DA3410763B0}.Release|Any CPU.Build.0 = Release|Any CPU
		{A5068814-CE1C-4E7A-9A6B-66E1090E07F8}.Debug|Any CPU.ActiveCfg = Debug|Any CPU
		{A5068814-CE1C-4E7A-9A6B-66E1090E07F8}.Debug|Any CPU.Build.0 = Debug|Any CPU
		{A5068814-CE1C-4E7A-9A6B-66E1090E07F8}.Release|Any CPU.ActiveCfg = Release|Any CPU
		{A5068814-CE1C-4E7A-9A6B-66E1090E07F8}.Release|Any CPU.Build.0 = Release|Any CPU
		{CEFD0EC1-C2C1-4D05-B6BC-ABB26AE17562}.Debug|Any CPU.ActiveCfg = Debug|Any CPU
		{CEFD0EC1-C2C1-4D05-B6BC-ABB26AE17562}.Debug|Any CPU.Build.0 = Debug|Any CPU
		{CEFD0EC1-C2C1-4D05-B6BC-ABB26AE17562}.Release|Any CPU.ActiveCfg = Release|Any CPU
		{CEFD0EC1-C2C1-4D05-B6BC-ABB26AE17562}.Release|Any CPU.Build.0 = Release|Any CPU
		{59623556-FC1B-485C-A105-C3D5EEE5AF9B}.Debug|Any CPU.ActiveCfg = Debug|Any CPU
		{59623556-FC1B-485C-A105-C3D5EEE5AF9B}.Debug|Any CPU.Build.0 = Debug|Any CPU
		{59623556-FC1B-485C-A105-C3D5EEE5AF9B}.Release|Any CPU.ActiveCfg = Release|Any CPU
		{59623556-FC1B-485C-A105-C3D5EEE5AF9B}.Release|Any CPU.Build.0 = Release|Any CPU
		{202FD5E7-651F-4DD1-805D-F9C5EA167CE6}.Debug|Any CPU.ActiveCfg = Debug|Any CPU
		{202FD5E7-651F-4DD1-805D-F9C5EA167CE6}.Debug|Any CPU.Build.0 = Debug|Any CPU
		{202FD5E7-651F-4DD1-805D-F9C5EA167CE6}.Release|Any CPU.ActiveCfg = Release|Any CPU
		{202FD5E7-651F-4DD1-805D-F9C5EA167CE6}.Release|Any CPU.Build.0 = Release|Any CPU
		{43DEE7EE-7B94-4861-9287-D4D351D07CE0}.Debug|Any CPU.ActiveCfg = Debug|Any CPU
		{43DEE7EE-7B94-4861-9287-D4D351D07CE0}.Debug|Any CPU.Build.0 = Debug|Any CPU
		{43DEE7EE-7B94-4861-9287-D4D351D07CE0}.Release|Any CPU.ActiveCfg = Release|Any CPU
		{43DEE7EE-7B94-4861-9287-D4D351D07CE0}.Release|Any CPU.Build.0 = Release|Any CPU
		{F57EF7C8-AB32-47E3-9D66-142337CE955A}.Debug|Any CPU.ActiveCfg = Debug|Any CPU
		{F57EF7C8-AB32-47E3-9D66-142337CE955A}.Debug|Any CPU.Build.0 = Debug|Any CPU
		{F57EF7C8-AB32-47E3-9D66-142337CE955A}.Release|Any CPU.ActiveCfg = Release|Any CPU
		{F57EF7C8-AB32-47E3-9D66-142337CE955A}.Release|Any CPU.Build.0 = Release|Any CPU
		{00368FA9-E5D9-4DC3-A812-91AAD393EBBB}.Debug|Any CPU.ActiveCfg = Debug|Any CPU
		{00368FA9-E5D9-4DC3-A812-91AAD393EBBB}.Debug|Any CPU.Build.0 = Debug|Any CPU
		{00368FA9-E5D9-4DC3-A812-91AAD393EBBB}.Release|Any CPU.ActiveCfg = Release|Any CPU
		{00368FA9-E5D9-4DC3-A812-91AAD393EBBB}.Release|Any CPU.Build.0 = Release|Any CPU
	EndGlobalSection
	GlobalSection(SolutionProperties) = preSolution
		HideSolutionNode = FALSE
	EndGlobalSection
	GlobalSection(NestedProjects) = preSolution
		{AB948E05-78EB-4878-B3AC-05D5A9185F24} = {584AF45A-3FFB-4B9F-8A12-99E9626AA9EF}
		{7D762322-59F9-4D0E-8F4E-744C3F2B0520} = {238A367F-90BC-4E5A-B11B-4D04519621B7}
		{CB822244-8727-4E6A-9A40-F73CA00C7A1F} = {584AF45A-3FFB-4B9F-8A12-99E9626AA9EF}
		{B64879C4-B8A5-4834-BE7B-4B74FEC183E5} = {584AF45A-3FFB-4B9F-8A12-99E9626AA9EF}
		{1B76E10B-2BE9-4C2E-AC58-3993009AC808} = {AB948E05-78EB-4878-B3AC-05D5A9185F24}
		{E44E56F1-9B87-4E48-8ED1-8DAE15027C19} = {AB948E05-78EB-4878-B3AC-05D5A9185F24}
		{DA1B1E00-A530-4E1F-8D59-A9AF30C0E347} = {B64879C4-B8A5-4834-BE7B-4B74FEC183E5}
		{7052B1C8-952D-4812-A454-8DA3410763B0} = {B64879C4-B8A5-4834-BE7B-4B74FEC183E5}
		{A5068814-CE1C-4E7A-9A6B-66E1090E07F8} = {B64879C4-B8A5-4834-BE7B-4B74FEC183E5}
		{CEFD0EC1-C2C1-4D05-B6BC-ABB26AE17562} = {CB822244-8727-4E6A-9A40-F73CA00C7A1F}
		{59623556-FC1B-485C-A105-C3D5EEE5AF9B} = {CB822244-8727-4E6A-9A40-F73CA00C7A1F}
		{202FD5E7-651F-4DD1-805D-F9C5EA167CE6} = {238A367F-90BC-4E5A-B11B-4D04519621B7}
		{43DEE7EE-7B94-4861-9287-D4D351D07CE0} = {AF5033F5-BA7F-49D5-98A8-A3786891C322}
		{F57EF7C8-AB32-47E3-9D66-142337CE955A} = {238A367F-90BC-4E5A-B11B-4D04519621B7}
		{00368FA9-E5D9-4DC3-A812-91AAD393EBBB} = {238A367F-90BC-4E5A-B11B-4D04519621B7}
	EndGlobalSection
	GlobalSection(ExtensibilityGlobals) = postSolution
		SolutionGuid = {B2F7F17C-34DB-4FBF-8BCD-49BC2FA3A10F}
	EndGlobalSection
EndGlobal
